{
  "requires": true,
  "lockfileVersion": 1,
  "dependencies": {
    "@material/animation": {
      "version": "0.34.0",
      "resolved": "https://registry.npmjs.org/@material/animation/-/animation-0.34.0.tgz",
      "integrity": "sha512-HKWU+pHda+xSIV0lwrTMOb/N005NIAV7+tvEEjTiLrQx74eO6J9nIjfCpZ0W4D8Kb9K90lgHFo0ZRC6yDTjizQ=="
    },
    "@material/base": {
      "version": "0.35.0",
      "resolved": "https://registry.npmjs.org/@material/base/-/base-0.35.0.tgz",
      "integrity": "sha512-PYuluVzcH8hxtionVvpTSygTENlgyOHvJ5ka7JfbCRQfXlxjV8zKYwhh9u/1HqA6y1OonG1oGFCaBHopbdsNEQ=="
    },
    "@material/linear-progress": {
      "version": "0.38.0",
      "resolved": "https://registry.npmjs.org/@material/linear-progress/-/linear-progress-0.38.0.tgz",
      "integrity": "sha512-fu9w3RjoFrEJ3Ky9tz/E1wkL9bfh2zVRHJWPHDLIx/uos49994OV8BbvefqtS1//Poi25KfXx9GKiXQteOO02Q==",
      "requires": {
        "@material/animation": "0.34.0",
        "@material/base": "0.35.0",
        "@material/theme": "0.38.0"
      }
    },
    "@material/theme": {
      "version": "0.38.0",
      "resolved": "https://registry.npmjs.org/@material/theme/-/theme-0.38.0.tgz",
      "integrity": "sha512-mP5+qgICPm/0dD3hKa/hMd8AHerkAaLJgEsvBwTXi+N/kpPo9LIrHg40DvUGPs5w6KD9PUuskb3WGBvYcToHvA=="
    }
  }
}
